
Microsoft Visual Studio Solution File, Format Version 12.00
# Visual Studio Version 17
VisualStudioVersion = 17.14.37314.3 d17.14
MinimumVisualStudioVersion = 10.0.40219.1
Project("{FAE04EC0-301F-11D3-BF4B-00C04F79EFBC}") = "MaquinaCafe", "MaquinaCafe\MaquinaCafe.csproj", "{8EADBEB5-28EE-4C4F-9F5B-16B6411D4F90}"
EndProject
Project("{FAE04EC0-301F-11D3-BF4B-00C04F79EFBC}") = "MaquinaCafe.Tests", "MaquinaCafe.Tests\MaquinaCafe.Tests.csproj", "{2B9E8CD1-BEE1-468E-AF22-9B72910C0DDE}"
EndProject
Global
	GlobalSection(SolutionConfigurationPlatforms) = preSolution
		Debug|Any CPU = Debug|Any CPU
		Release|Any CPU = Release|Any CPU
	EndGlobalSection
	GlobalSection(ProjectConfigurationPlatforms) = postSolution
		{8EADBEB5-28EE-4C4F-9F5B-16B6411D4F90}.Debug|Any CPU.ActiveCfg = Debug|Any CPU
		{8EADBEB5-28EE-4C4F-9F5B-16B6411D4F90}.Debug|Any CPU.Build.0 = Debug|Any CPU
		{8EADBEB5-28EE-4C4F-9F5B-16B6411D4F90}.Release|Any CPU.ActiveCfg = Release|Any CPU
		{8EADBEB5-28EE-4C4F-9F5B-16B6411D4F90}.Release|Any CPU.Build.0 = Release|Any CPU
		{2B9E8CD1-BEE1-468E-AF22-9B72910C0DDE}.Debug|Any CPU.ActiveCfg = Debug|Any CPU
		{2B9E8CD1-BEE1-468E-AF22-9B72910C0DDE}.Debug|Any CPU.Build.0 = Debug|Any CPU
		{2B9E8CD1-BEE1-468E-AF22-9B72910C0DDE}.Release|Any CPU.ActiveCfg = Release|Any CPU
		{2B9E8CD1-BEE1-468E-AF22-9B72910C0DDE}.Release|Any CPU.Build.0 = Release|Any CPU
	EndGlobalSection
	GlobalSection(SolutionProperties) = preSolution
		HideSolutionNode = FALSE
	EndGlobalSection
	GlobalSection(ExtensibilityGlobals) = postSolution
		SolutionGuid = {30CEBEE1-9F39-444B-8842-686E5C16BC4D}
	EndGlobalSection
EndGlobal
